
Microsoft Visual Studio Solution File, Format Version 12.00
Project("{FAE04EC0-301F-11D3-BF4B-00C04F79EFBC}") = "Viasoft.Analytics.UserBehaviour.Host", "Viasoft.Analytics.UserBehaviour.Host\Viasoft.Analytics.UserBehaviour.Host.csproj", "{925B34C5-A183-400C-AF7F-3D993520987C}"
EndProject
Project("{FAE04EC0-301F-11D3-BF4B-00C04F79EFBC}") = "Viasoft.Analytics.UserBehaviour.Infrastructure", "Viasoft.Analytics.UserBehaviour.Infrastructure\Viasoft.Analytics.UserBehaviour.Infrastructure.csproj", "{EB423E42-311C-4A9B-AB13-52988482B3D4}"
EndProject
Project("{FAE04EC0-301F-11D3-BF4B-00C04F79EFBC}") = "Viasoft.Analytics.UserBehaviour.Domain", "Viasoft.Analytics.UserBehaviour.Domain\Viasoft.Analytics.UserBehaviour.Domain.csproj", "{5C9E44FC-3922-423D-8FBF-E24C9B02509F}"
EndProject
Project("{FAE04EC0-301F-11D3-BF4B-00C04F79EFBC}") = "Viasoft.Analytics.UserBehaviour.UnitTest", "Viasoft.Analytics.UserBehaviour.UnitTest\Viasoft.Analytics.UserBehaviour.UnitTest.csproj", "{CFC8CA63-5D9F-4C55-9C3F-5A9250F0D373}"
EndProject
Project("{FAE04EC0-301F-11D3-BF4B-00C04F79EFBC}") = "Viasoft.Analytics.UserBehaviour.Infrastructure.PostgreSql", "Viasoft.Analytics.UserBehaviour.Infrastructure.PostgreSql\Viasoft.Analytics.UserBehaviour.Infrastructure.PostgreSql.csproj", "{C740178A-B3D6-45EA-8F34-FEB092BA6DF4}"
EndProject
Global
	GlobalSection(SolutionConfigurationPlatforms) = preSolution
		Debug|Any CPU = Debug|Any CPU
		Release|Any CPU = Release|Any CPU
	EndGlobalSection
	GlobalSection(ProjectConfigurationPlatforms) = postSolution
		{925B34C5-A183-400C-AF7F-3D993520987C}.Debug|Any CPU.ActiveCfg = Debug|Any CPU
		{925B34C5-A183-400C-AF7F-3D993520987C}.Debug|Any CPU.Build.0 = Debug|Any CPU
		{925B34C5-A183-400C-AF7F-3D993520987C}.Release|Any CPU.ActiveCfg = Release|Any CPU
		{925B34C5-A183-400C-AF7F-3D993520987C}.Release|Any CPU.Build.0 = Release|Any CPU
		{EB423E42-311C-4A9B-AB13-52988482B3D4}.Debug|Any CPU.ActiveCfg = Debug|Any CPU
		{EB423E42-311C-4A9B-AB13-52988482B3D4}.Debug|Any CPU.Build.0 = Debug|Any CPU
		{EB423E42-311C-4A9B-AB13-52988482B3D4}.Release|Any CPU.ActiveCfg = Release|Any CPU
		{EB423E42-311C-4A9B-AB13-52988482B3D4}.Release|Any CPU.Build.0 = Release|Any CPU
		{5C9E44FC-3922-423D-8FBF-E24C9B02509F}.Debug|Any CPU.ActiveCfg = Debug|Any CPU
		{5C9E44FC-3922-423D-8FBF-E24C9B02509F}.Debug|Any CPU.Build.0 = Debug|Any CPU
		{5C9E44FC-3922-423D-8FBF-E24C9B02509F}.Release|Any CPU.ActiveCfg = Release|Any CPU
		{5C9E44FC-3922-423D-8FBF-E24C9B02509F}.Release|Any CPU.Build.0 = Release|Any CPU
		{CFC8CA63-5D9F-4C55-9C3F-5A9250F0D373}.Debug|Any CPU.ActiveCfg = Debug|Any CPU
		{CFC8CA63-5D9F-4C55-9C3F-5A9250F0D373}.Debug|Any CPU.Build.0 = Debug|Any CPU
		{CFC8CA63-5D9F-4C55-9C3F-5A9250F0D373}.Release|Any CPU.ActiveCfg = Release|Any CPU
		{CFC8CA63-5D9F-4C55-9C3F-5A9250F0D373}.Release|Any CPU.Build.0 = Release|Any CPU
		{C740178A-B3D6-45EA-8F34-FEB092BA6DF4}.Debug|Any CPU.ActiveCfg = Debug|Any CPU
		{C740178A-B3D6-45EA-8F34-FEB092BA6DF4}.Debug|Any CPU.Build.0 = Debug|Any CPU
		{C740178A-B3D6-45EA-8F34-FEB092BA6DF4}.Release|Any CPU.ActiveCfg = Release|Any CPU
		{C740178A-B3D6-45EA-8F34-FEB092BA6DF4}.Release|Any CPU.Build.0 = Release|Any CPU
	EndGlobalSection
EndGlobal
